
Microsoft Visual Studio Solution File, Format Version 12.00
# Visual Studio Version 17
VisualStudioVersion = 17.0.31903.59
MinimumVisualStudioVersion = 10.0.40219.1
Project("{FAE04EC0-301F-11D3-BF4B-00C04F79EFBC}") = "gitversioning-dotnet", "console\gitversioning-dotnet.csproj", "{C7FA3B08-7522-49D7-BC43-16F9E0F45692}"
EndProject
Project("{FAE04EC0-301F-11D3-BF4B-00C04F79EFBC}") = "lib1", "lib1\lib1.csproj", "{FB10DDF6-7AB1-460C-9C14-2699A597C97D}"
EndProject
Global
	GlobalSection(SolutionConfigurationPlatforms) = preSolution
		Debug|Any CPU = Debug|Any CPU
		Release|Any CPU = Release|Any CPU
	EndGlobalSection
	GlobalSection(SolutionProperties) = preSolution
		HideSolutionNode = FALSE
	EndGlobalSection
	GlobalSection(ProjectConfigurationPlatforms) = postSolution
		{C7FA3B08-7522-49D7-BC43-16F9E0F45692}.Debug|Any CPU.ActiveCfg = Debug|Any CPU
		{C7FA3B08-7522-49D7-BC43-16F9E0F45692}.Debug|Any CPU.Build.0 = Debug|Any CPU
		{C7FA3B08-7522-49D7-BC43-16F9E0F45692}.Release|Any CPU.ActiveCfg = Release|Any CPU
		{C7FA3B08-7522-49D7-BC43-16F9E0F45692}.Release|Any CPU.Build.0 = Release|Any CPU
		{FB10DDF6-7AB1-460C-9C14-2699A597C97D}.Debug|Any CPU.ActiveCfg = Debug|Any CPU
		{FB10DDF6-7AB1-460C-9C14-2699A597C97D}.Debug|Any CPU.Build.0 = Debug|Any CPU
		{FB10DDF6-7AB1-460C-9C14-2699A597C97D}.Release|Any CPU.ActiveCfg = Release|Any CPU
		{FB10DDF6-7AB1-460C-9C14-2699A597C97D}.Release|Any CPU.Build.0 = Release|Any CPU
	EndGlobalSection
EndGlobal
